
Microsoft Visual Studio Solution File, Format Version 12.00
# Visual Studio Version 17
VisualStudioVersion = 17.1.32407.343
MinimumVisualStudioVersion = 10.0.40219.1
Project("{FAE04EC0-301F-11D3-BF4B-00C04F79EFBC}") = "ZipMerger", "ZipMerger\ZipMerger.csproj", "{9B2B3467-5305-4D4D-BE6B-65A9CA9E09B8}"
EndProject
Global
	GlobalSection(SolutionConfigurationPlatforms) = preSolution
		Debug|Any CPU = Debug|Any CPU
		Release|Any CPU = Release|Any CPU
	EndGlobalSection
	GlobalSection(ProjectConfigurationPlatforms) = postSolution
		{9B2B3467-5305-4D4D-BE6B-65A9CA9E09B8}.Debug|Any CPU.ActiveCfg = Debug|Any CPU
		{9B2B3467-5305-4D4D-BE6B-65A9CA9E09B8}.Debug|Any CPU.Build.0 = Debug|Any CPU
		{9B2B3467-5305-4D4D-BE6B-65A9CA9E09B8}.Release|Any CPU.ActiveCfg = Release|Any CPU
		{9B2B3467-5305-4D4D-BE6B-65A9CA9E09B8}.Release|Any CPU.Build.0 = Release|Any CPU
	EndGlobalSection
	GlobalSection(SolutionProperties) = preSolution
		HideSolutionNode = FALSE
	EndGlobalSection
	GlobalSection(ExtensibilityGlobals) = postSolution
		SolutionGuid = {735D76FC-E1A4-46FF-B5ED-C8F6B103DA66}
	EndGlobalSection
EndGlobal
